{
  "version": "3",
  "packages": {
    "specifiers": {
      "jsr:@edjopato/array-filter-unique": "jsr:@edjopato/array-filter-unique@3.1.0",
      "jsr:@std/fs": "jsr:@std/fs@1.0.1",
      "jsr:@std/path@^1.0.2": "jsr:@std/path@1.0.2"
    },
    "jsr": {
      "@edjopato/array-filter-unique@3.1.0": {
        "integrity": "7baa8bde2b531734a14fa33302e8cabf8740d21f1824911b66a96371317078b6"
      },
      "@std/fs@1.0.1": {
        "integrity": "d6914ca2c21abe591f733b31dbe6331e446815e513e2451b3b9e472daddfefcb",
        "dependencies": [
          "jsr:@std/path@^1.0.2"
        ]
      },
      "@std/path@1.0.2": {
        "integrity": "a452174603f8c620bd278a380c596437a9eef50c891c64b85812f735245d9ec7"
      }
    }
  },
  "redirects": {
    "https://esm.sh/@octokit/core": "https://esm.sh/@octokit/core@6.1.2",
    "https://esm.sh/@octokit/types": "https://esm.sh/@octokit/types@13.5.0"
  },
  "remote": {
    "https://esm.sh/@octokit/core@6.1.2": "263311f52fbd38cdf0aca84be5bb31fbb432998a0b5a33cb5c706f96e077b12a",
    "https://esm.sh/@octokit/types@13.5.0": "fabf6997a3adf11e45d11e3c4d58d0634ab98f9d72f3116f3694123818ccd457",
    "https://esm.sh/v135/@octokit/auth-token@5.1.0/denonext/auth-token.mjs": "24c22015e586d621821b0acb1b5b82d32c95d1813d264ce8fa3f769ba8806e8c",
    "https://esm.sh/v135/@octokit/auth-token@5.1.1/denonext/auth-token.mjs": "afc5eb8208138b4b8aaac800b1f489e3274b593a33398967fa2f2af6cf22202f",
    "https://esm.sh/v135/@octokit/core@6.1.2/denonext/core.mjs": "2629f0f304f0a8313644ed4ddedbf1c7fbce06e80aadc6f718f6a4b4f401f9d7",
    "https://esm.sh/v135/@octokit/endpoint@10.0.0/denonext/endpoint.mjs": "8d6f16f0b272fc7a20582637a3ffbd29c14f4bf629fafda05c33cf214b0dd716",
    "https://esm.sh/v135/@octokit/endpoint@10.1.0/denonext/endpoint.mjs": "cb307fd4d62518987144d31210f929e67d644c7bcad866cdfde547a528d48e12",
    "https://esm.sh/v135/@octokit/graphql@8.1.0/denonext/graphql.mjs": "a84701c7a52ca92d4b201f7502c3b048bfb3c0be9a131ed04bc736ccab160aba",
    "https://esm.sh/v135/@octokit/request-error@6.0.2/denonext/request-error.mjs": "d25f73ba0f75f4ed9830caa96bffc7e36a73e51c0777caa8f436af3ede1cb116",
    "https://esm.sh/v135/@octokit/request-error@6.1.0/denonext/request-error.mjs": "271a5a47ff4c05bf414443880c68fcc4c75e4da7c0e2caab1a4998fe4b6961b3",
    "https://esm.sh/v135/@octokit/request@9.0.1/denonext/request.mjs": "150c8b8f650bcb2567a3e30906871234b1f449cd3765af418d15e08767bea449",
    "https://esm.sh/v135/@octokit/request@9.1.0/denonext/request.mjs": "cc64353d55ef0f89428c9d752e57adad51e8dc7e03884f6086f8b953f781ae3e",
    "https://esm.sh/v135/@octokit/request@9.1.1/denonext/request.mjs": "244ea781a56043a408039581a4ccedd65a434c1311a21c1893cb546bfc2dd3d5",
    "https://esm.sh/v135/before-after-hook@3.0.2/denonext/before-after-hook.mjs": "cf2363bb9be543fadd912087b89d461082fd2ee66a9a3cc81fbeeea11aea8c32",
    "https://esm.sh/v135/universal-user-agent@7.0.2/denonext/universal-user-agent.mjs": "c95431a8f6a7593e78b18ba137d1ae8fb8e2c7ebbcfc55c3d2cf1c9667ae8554"
  }
}
